
Microsoft Visual Studio Solution File, Format Version 12.00
# Visual Studio 14
VisualStudioVersion = 14.0.24720.0
MinimumVisualStudioVersion = 10.0.40219.1
Project("{2150E333-8FDC-42A3-9474-1A3956D46DE8}") = ".paket", ".paket", "{63297B98-5CED-492C-A5B7-A5B4F73CF142}"
	ProjectSection(SolutionItems) = preProject
		paket.dependencies = paket.dependencies
		paket.lock = paket.lock
	EndProjectSection
EndProject
Project("{2150E333-8FDC-42A3-9474-1A3956D46DE8}") = "core", "core", "{522C97F4-E365-46C5-AEFD-C764694DE01F}"
	ProjectSection(SolutionItems) = preProject
		todo.txt = todo.txt
	EndProjectSection
EndProject
Project("{F2A71F9B-5D33-465A-A702-920D77279786}") = "GameEngine", "src\GameEngine\GameEngine.fsproj", "{0AE9741A-0ACC-4B58-A3EA-9EB6D589CFD2}"
EndProject
Project("{F2A71F9B-5D33-465A-A702-920D77279786}") = "Shared", "src\Shared\Shared.fsproj", "{63743AEC-EBD8-44FA-A67C-3A2FADA3EE34}"
EndProject
Project("{2150E333-8FDC-42A3-9474-1A3956D46DE8}") = "cfg", "cfg", "{8D22EE53-8462-45E4-B1B7-E2CC4DDB3476}"
	ProjectSection(SolutionItems) = preProject
		cfg\coinmarketcap.html = cfg\coinmarketcap.html
	EndProjectSection
EndProject
Project("{F2A71F9B-5D33-465A-A702-920D77279786}") = "GameEngineTests", "tests\GameEngineTests\GameEngineTests.fsproj", "{FCB1E33E-1468-4FA1-9902-70D12D80FEDD}"
EndProject
Project("{FAE04EC0-301F-11D3-BF4B-00C04F79EFBC}") = "Web", "src\Web\Web.csproj", "{28425D50-C405-4AF8-9957-0004A2E3A2FE}"
EndProject
Project("{F2A71F9B-5D33-465A-A702-920D77279786}") = "GameClient", "src\GameClient\GameClient.fsproj", "{5578CABE-AF8F-476F-A21C-0AFDD440AAA4}"
EndProject
Project("{F2A71F9B-5D33-465A-A702-920D77279786}") = "Server", "src\Server\Server.fsproj", "{9859B27A-5D50-46CB-8CAC-6BEC6741D242}"
EndProject
Project("{F2A71F9B-5D33-465A-A702-920D77279786}") = "BlockApi", "src\BlockApi\BlockApi.fsproj", "{72B9E9FD-0B69-4E2B-81FA-8DE5D62C84F4}"
EndProject
Project("{CC5FD16D-436D-48AD-A40C-5A424C6E3E79}") = "CloudService", "src\CloudService\CloudService.ccproj", "{7ED4762D-B582-4C16-8871-119825A07C97}"
EndProject
Project("{FAE04EC0-301F-11D3-BF4B-00C04F79EFBC}") = "ServerRole", "ServerRole\ServerRole.csproj", "{25BF0C6D-9F49-434A-8449-C434833EE0D0}"
EndProject
Project("{F2A71F9B-5D33-465A-A702-920D77279786}") = "Analitics", "src\Analitics\Analitics.fsproj", "{F93D3F80-FA1C-4C62-9F7D-412F3646C074}"
EndProject
Global
	GlobalSection(SolutionConfigurationPlatforms) = preSolution
		Debug Mono|Any CPU = Debug Mono|Any CPU
		Debug Mono|x64 = Debug Mono|x64
		Debug|Any CPU = Debug|Any CPU
		Debug|x64 = Debug|x64
		Release Mono|Any CPU = Release Mono|Any CPU
		Release Mono|x64 = Release Mono|x64
		Release|Any CPU = Release|Any CPU
		Release|x64 = Release|x64
		Staging|Any CPU = Staging|Any CPU
		Staging|x64 = Staging|x64
	EndGlobalSection
	GlobalSection(ProjectConfigurationPlatforms) = postSolution
		{0AE9741A-0ACC-4B58-A3EA-9EB6D589CFD2}.Debug Mono|Any CPU.ActiveCfg = Debug|Any CPU
		{0AE9741A-0ACC-4B58-A3EA-9EB6D589CFD2}.Debug Mono|Any CPU.Build.0 = Debug|Any CPU
		{0AE9741A-0ACC-4B58-A3EA-9EB6D589CFD2}.Debug Mono|x64.ActiveCfg = Debug|Any CPU
		{0AE9741A-0ACC-4B58-A3EA-9EB6D589CFD2}.Debug Mono|x64.Build.0 = Debug|Any CPU
		{0AE9741A-0ACC-4B58-A3EA-9EB6D589CFD2}.Debug|Any CPU.ActiveCfg = Debug|Any CPU
		{0AE9741A-0ACC-4B58-A3EA-9EB6D589CFD2}.Debug|Any CPU.Build.0 = Debug|Any CPU
		{0AE9741A-0ACC-4B58-A3EA-9EB6D589CFD2}.Debug|x64.ActiveCfg = Debug|Any CPU
		{0AE9741A-0ACC-4B58-A3EA-9EB6D589CFD2}.Debug|x64.Build.0 = Debug|Any CPU
		{0AE9741A-0ACC-4B58-A3EA-9EB6D589CFD2}.Release Mono|Any CPU.ActiveCfg = Release|Any CPU
		{0AE9741A-0ACC-4B58-A3EA-9EB6D589CFD2}.Release Mono|Any CPU.Build.0 = Release|Any CPU
		{0AE9741A-0ACC-4B58-A3EA-9EB6D589CFD2}.Release Mono|x64.ActiveCfg = Release|Any CPU
		{0AE9741A-0ACC-4B58-A3EA-9EB6D589CFD2}.Release Mono|x64.Build.0 = Release|Any CPU
		{0AE9741A-0ACC-4B58-A3EA-9EB6D589CFD2}.Release|Any CPU.ActiveCfg = Release|Any CPU
		{0AE9741A-0ACC-4B58-A3EA-9EB6D589CFD2}.Release|Any CPU.Build.0 = Release|Any CPU
		{0AE9741A-0ACC-4B58-A3EA-9EB6D589CFD2}.Release|x64.ActiveCfg = Release|Any CPU
		{0AE9741A-0ACC-4B58-A3EA-9EB6D589CFD2}.Release|x64.Build.0 = Release|Any CPU
		{0AE9741A-0ACC-4B58-A3EA-9EB6D589CFD2}.Staging|Any CPU.ActiveCfg = Staging|Any CPU
		{0AE9741A-0ACC-4B58-A3EA-9EB6D589CFD2}.Staging|Any CPU.Build.0 = Staging|Any CPU
		{0AE9741A-0ACC-4B58-A3EA-9EB6D589CFD2}.Staging|x64.ActiveCfg = Staging|Any CPU
		{0AE9741A-0ACC-4B58-A3EA-9EB6D589CFD2}.Staging|x64.Build.0 = Staging|Any CPU
		{63743AEC-EBD8-44FA-A67C-3A2FADA3EE34}.Debug Mono|Any CPU.ActiveCfg = Debug|Any CPU
		{63743AEC-EBD8-44FA-A67C-3A2FADA3EE34}.Debug Mono|Any CPU.Build.0 = Debug|Any CPU
		{63743AEC-EBD8-44FA-A67C-3A2FADA3EE34}.Debug Mono|x64.ActiveCfg = Debug|x64
		{63743AEC-EBD8-44FA-A67C-3A2FADA3EE34}.Debug Mono|x64.Build.0 = Debug|x64
		{63743AEC-EBD8-44FA-A67C-3A2FADA3EE34}.Debug|Any CPU.ActiveCfg = Debug|Any CPU
		{63743AEC-EBD8-44FA-A67C-3A2FADA3EE34}.Debug|Any CPU.Build.0 = Debug|Any CPU
		{63743AEC-EBD8-44FA-A67C-3A2FADA3EE34}.Debug|x64.ActiveCfg = Debug|Any CPU
		{63743AEC-EBD8-44FA-A67C-3A2FADA3EE34}.Debug|x64.Build.0 = Debug|Any CPU
		{63743AEC-EBD8-44FA-A67C-3A2FADA3EE34}.Release Mono|Any CPU.ActiveCfg = Release|Any CPU
		{63743AEC-EBD8-44FA-A67C-3A2FADA3EE34}.Release Mono|Any CPU.Build.0 = Release|Any CPU
		{63743AEC-EBD8-44FA-A67C-3A2FADA3EE34}.Release Mono|x64.ActiveCfg = Release|x64
		{63743AEC-EBD8-44FA-A67C-3A2FADA3EE34}.Release Mono|x64.Build.0 = Release|x64
		{63743AEC-EBD8-44FA-A67C-3A2FADA3EE34}.Release|Any CPU.ActiveCfg = Release|Any CPU
		{63743AEC-EBD8-44FA-A67C-3A2FADA3EE34}.Release|Any CPU.Build.0 = Release|Any CPU
		{63743AEC-EBD8-44FA-A67C-3A2FADA3EE34}.Release|x64.ActiveCfg = Release|Any CPU
		{63743AEC-EBD8-44FA-A67C-3A2FADA3EE34}.Release|x64.Build.0 = Release|Any CPU
		{63743AEC-EBD8-44FA-A67C-3A2FADA3EE34}.Staging|Any CPU.ActiveCfg = Staging|Any CPU
		{63743AEC-EBD8-44FA-A67C-3A2FADA3EE34}.Staging|Any CPU.Build.0 = Staging|Any CPU
		{63743AEC-EBD8-44FA-A67C-3A2FADA3EE34}.Staging|x64.ActiveCfg = Staging|x64
		{63743AEC-EBD8-44FA-A67C-3A2FADA3EE34}.Staging|x64.Build.0 = Staging|x64
		{FCB1E33E-1468-4FA1-9902-70D12D80FEDD}.Debug Mono|Any CPU.ActiveCfg = Debug|Any CPU
		{FCB1E33E-1468-4FA1-9902-70D12D80FEDD}.Debug Mono|Any CPU.Build.0 = Debug|Any CPU
		{FCB1E33E-1468-4FA1-9902-70D12D80FEDD}.Debug Mono|x64.ActiveCfg = Debug|Any CPU
		{FCB1E33E-1468-4FA1-9902-70D12D80FEDD}.Debug Mono|x64.Build.0 = Debug|Any CPU
		{FCB1E33E-1468-4FA1-9902-70D12D80FEDD}.Debug|Any CPU.ActiveCfg = Debug|Any CPU
		{FCB1E33E-1468-4FA1-9902-70D12D80FEDD}.Debug|Any CPU.Build.0 = Debug|Any CPU
		{FCB1E33E-1468-4FA1-9902-70D12D80FEDD}.Debug|x64.ActiveCfg = Debug|Any CPU
		{FCB1E33E-1468-4FA1-9902-70D12D80FEDD}.Debug|x64.Build.0 = Debug|Any CPU
		{FCB1E33E-1468-4FA1-9902-70D12D80FEDD}.Release Mono|Any CPU.ActiveCfg = Release|Any CPU
		{FCB1E33E-1468-4FA1-9902-70D12D80FEDD}.Release Mono|Any CPU.Build.0 = Release|Any CPU
		{FCB1E33E-1468-4FA1-9902-70D12D80FEDD}.Release Mono|x64.ActiveCfg = Release|Any CPU
		{FCB1E33E-1468-4FA1-9902-70D12D80FEDD}.Release Mono|x64.Build.0 = Release|Any CPU
		{FCB1E33E-1468-4FA1-9902-70D12D80FEDD}.Release|Any CPU.ActiveCfg = Release|Any CPU
		{FCB1E33E-1468-4FA1-9902-70D12D80FEDD}.Release|Any CPU.Build.0 = Release|Any CPU
		{FCB1E33E-1468-4FA1-9902-70D12D80FEDD}.Release|x64.ActiveCfg = Release|Any CPU
		{FCB1E33E-1468-4FA1-9902-70D12D80FEDD}.Release|x64.Build.0 = Release|Any CPU
		{FCB1E33E-1468-4FA1-9902-70D12D80FEDD}.Staging|Any CPU.ActiveCfg = Debug|Any CPU
		{FCB1E33E-1468-4FA1-9902-70D12D80FEDD}.Staging|Any CPU.Build.0 = Debug|Any CPU
		{FCB1E33E-1468-4FA1-9902-70D12D80FEDD}.Staging|x64.ActiveCfg = Staging|Any CPU
		{FCB1E33E-1468-4FA1-9902-70D12D80FEDD}.Staging|x64.Build.0 = Staging|Any CPU
		{28425D50-C405-4AF8-9957-0004A2E3A2FE}.Debug Mono|Any CPU.ActiveCfg = Debug|Any CPU
		{28425D50-C405-4AF8-9957-0004A2E3A2FE}.Debug Mono|Any CPU.Build.0 = Debug|Any CPU
		{28425D50-C405-4AF8-9957-0004A2E3A2FE}.Debug Mono|x64.ActiveCfg = Debug|Any CPU
		{28425D50-C405-4AF8-9957-0004A2E3A2FE}.Debug Mono|x64.Build.0 = Debug|Any CPU
		{28425D50-C405-4AF8-9957-0004A2E3A2FE}.Debug|Any CPU.ActiveCfg = Debug|Any CPU
		{28425D50-C405-4AF8-9957-0004A2E3A2FE}.Debug|Any CPU.Build.0 = Debug|Any CPU
		{28425D50-C405-4AF8-9957-0004A2E3A2FE}.Debug|x64.ActiveCfg = Debug|Any CPU
		{28425D50-C405-4AF8-9957-0004A2E3A2FE}.Debug|x64.Build.0 = Debug|Any CPU
		{28425D50-C405-4AF8-9957-0004A2E3A2FE}.Release Mono|Any CPU.ActiveCfg = Release|Any CPU
		{28425D50-C405-4AF8-9957-0004A2E3A2FE}.Release Mono|Any CPU.Build.0 = Release|Any CPU
		{28425D50-C405-4AF8-9957-0004A2E3A2FE}.Release Mono|x64.ActiveCfg = Release|Any CPU
		{28425D50-C405-4AF8-9957-0004A2E3A2FE}.Release Mono|x64.Build.0 = Release|Any CPU
		{28425D50-C405-4AF8-9957-0004A2E3A2FE}.Release|Any CPU.ActiveCfg = Release|Any CPU
		{28425D50-C405-4AF8-9957-0004A2E3A2FE}.Release|Any CPU.Build.0 = Release|Any CPU
		{28425D50-C405-4AF8-9957-0004A2E3A2FE}.Release|x64.ActiveCfg = Release|Any CPU
		{28425D50-C405-4AF8-9957-0004A2E3A2FE}.Release|x64.Build.0 = Release|Any CPU
		{28425D50-C405-4AF8-9957-0004A2E3A2FE}.Staging|Any CPU.ActiveCfg = Staging|Any CPU
		{28425D50-C405-4AF8-9957-0004A2E3A2FE}.Staging|Any CPU.Build.0 = Staging|Any CPU
		{28425D50-C405-4AF8-9957-0004A2E3A2FE}.Staging|x64.ActiveCfg = Staging|Any CPU
		{28425D50-C405-4AF8-9957-0004A2E3A2FE}.Staging|x64.Build.0 = Staging|Any CPU
		{5578CABE-AF8F-476F-A21C-0AFDD440AAA4}.Debug Mono|Any CPU.ActiveCfg = Debug|Any CPU
		{5578CABE-AF8F-476F-A21C-0AFDD440AAA4}.Debug Mono|Any CPU.Build.0 = Debug|Any CPU
		{5578CABE-AF8F-476F-A21C-0AFDD440AAA4}.Debug Mono|x64.ActiveCfg = Debug|Any CPU
		{5578CABE-AF8F-476F-A21C-0AFDD440AAA4}.Debug Mono|x64.Build.0 = Debug|Any CPU
		{5578CABE-AF8F-476F-A21C-0AFDD440AAA4}.Debug|Any CPU.ActiveCfg = Debug|Any CPU
		{5578CABE-AF8F-476F-A21C-0AFDD440AAA4}.Debug|Any CPU.Build.0 = Debug|Any CPU
		{5578CABE-AF8F-476F-A21C-0AFDD440AAA4}.Debug|x64.ActiveCfg = Debug|Any CPU
		{5578CABE-AF8F-476F-A21C-0AFDD440AAA4}.Debug|x64.Build.0 = Debug|Any CPU
		{5578CABE-AF8F-476F-A21C-0AFDD440AAA4}.Release Mono|Any CPU.ActiveCfg = Release|Any CPU
		{5578CABE-AF8F-476F-A21C-0AFDD440AAA4}.Release Mono|Any CPU.Build.0 = Release|Any CPU
		{5578CABE-AF8F-476F-A21C-0AFDD440AAA4}.Release Mono|x64.ActiveCfg = Release|Any CPU
		{5578CABE-AF8F-476F-A21C-0AFDD440AAA4}.Release Mono|x64.Build.0 = Release|Any CPU
		{5578CABE-AF8F-476F-A21C-0AFDD440AAA4}.Release|Any CPU.ActiveCfg = Release|Any CPU
		{5578CABE-AF8F-476F-A21C-0AFDD440AAA4}.Release|Any CPU.Build.0 = Release|Any CPU
		{5578CABE-AF8F-476F-A21C-0AFDD440AAA4}.Release|x64.ActiveCfg = Release|Any CPU
		{5578CABE-AF8F-476F-A21C-0AFDD440AAA4}.Release|x64.Build.0 = Release|Any CPU
		{5578CABE-AF8F-476F-A21C-0AFDD440AAA4}.Staging|Any CPU.ActiveCfg = Staging|Any CPU
		{5578CABE-AF8F-476F-A21C-0AFDD440AAA4}.Staging|Any CPU.Build.0 = Staging|Any CPU
		{5578CABE-AF8F-476F-A21C-0AFDD440AAA4}.Staging|x64.ActiveCfg = Staging|Any CPU
		{5578CABE-AF8F-476F-A21C-0AFDD440AAA4}.Staging|x64.Build.0 = Staging|Any CPU
		{9859B27A-5D50-46CB-8CAC-6BEC6741D242}.Debug Mono|Any CPU.ActiveCfg = Debug|Any CPU
		{9859B27A-5D50-46CB-8CAC-6BEC6741D242}.Debug Mono|Any CPU.Build.0 = Debug|Any CPU
		{9859B27A-5D50-46CB-8CAC-6BEC6741D242}.Debug Mono|x64.ActiveCfg = Debug|Any CPU
		{9859B27A-5D50-46CB-8CAC-6BEC6741D242}.Debug Mono|x64.Build.0 = Debug|Any CPU
		{9859B27A-5D50-46CB-8CAC-6BEC6741D242}.Debug|Any CPU.ActiveCfg = Debug|Any CPU
		{9859B27A-5D50-46CB-8CAC-6BEC6741D242}.Debug|Any CPU.Build.0 = Debug|Any CPU
		{9859B27A-5D50-46CB-8CAC-6BEC6741D242}.Debug|x64.ActiveCfg = Debug|Any CPU
		{9859B27A-5D50-46CB-8CAC-6BEC6741D242}.Debug|x64.Build.0 = Debug|Any CPU
		{9859B27A-5D50-46CB-8CAC-6BEC6741D242}.Release Mono|Any CPU.ActiveCfg = Release|Any CPU
		{9859B27A-5D50-46CB-8CAC-6BEC6741D242}.Release Mono|Any CPU.Build.0 = Release|Any CPU
		{9859B27A-5D50-46CB-8CAC-6BEC6741D242}.Release Mono|x64.ActiveCfg = Release|Any CPU
		{9859B27A-5D50-46CB-8CAC-6BEC6741D242}.Release Mono|x64.Build.0 = Release|Any CPU
		{9859B27A-5D50-46CB-8CAC-6BEC6741D242}.Release|Any CPU.ActiveCfg = Release|Any CPU
		{9859B27A-5D50-46CB-8CAC-6BEC6741D242}.Release|Any CPU.Build.0 = Release|Any CPU
		{9859B27A-5D50-46CB-8CAC-6BEC6741D242}.Release|x64.ActiveCfg = Release|Any CPU
		{9859B27A-5D50-46CB-8CAC-6BEC6741D242}.Release|x64.Build.0 = Release|Any CPU
		{9859B27A-5D50-46CB-8CAC-6BEC6741D242}.Staging|Any CPU.ActiveCfg = Staging|Any CPU
		{9859B27A-5D50-46CB-8CAC-6BEC6741D242}.Staging|Any CPU.Build.0 = Staging|Any CPU
		{9859B27A-5D50-46CB-8CAC-6BEC6741D242}.Staging|x64.ActiveCfg = Staging|Any CPU
		{9859B27A-5D50-46CB-8CAC-6BEC6741D242}.Staging|x64.Build.0 = Staging|Any CPU
		{72B9E9FD-0B69-4E2B-81FA-8DE5D62C84F4}.Debug Mono|Any CPU.ActiveCfg = Debug|Any CPU
		{72B9E9FD-0B69-4E2B-81FA-8DE5D62C84F4}.Debug Mono|Any CPU.Build.0 = Debug|Any CPU
		{72B9E9FD-0B69-4E2B-81FA-8DE5D62C84F4}.Debug Mono|x64.ActiveCfg = Debug|Any CPU
		{72B9E9FD-0B69-4E2B-81FA-8DE5D62C84F4}.Debug Mono|x64.Build.0 = Debug|Any CPU
		{72B9E9FD-0B69-4E2B-81FA-8DE5D62C84F4}.Debug|Any CPU.ActiveCfg = Debug|Any CPU
		{72B9E9FD-0B69-4E2B-81FA-8DE5D62C84F4}.Debug|Any CPU.Build.0 = Debug|Any CPU
		{72B9E9FD-0B69-4E2B-81FA-8DE5D62C84F4}.Debug|x64.ActiveCfg = Debug|Any CPU
		{72B9E9FD-0B69-4E2B-81FA-8DE5D62C84F4}.Debug|x64.Build.0 = Debug|Any CPU
		{72B9E9FD-0B69-4E2B-81FA-8DE5D62C84F4}.Release Mono|Any CPU.ActiveCfg = Release|Any CPU
		{72B9E9FD-0B69-4E2B-81FA-8DE5D62C84F4}.Release Mono|Any CPU.Build.0 = Release|Any CPU
		{72B9E9FD-0B69-4E2B-81FA-8DE5D62C84F4}.Release Mono|x64.ActiveCfg = Release|Any CPU
		{72B9E9FD-0B69-4E2B-81FA-8DE5D62C84F4}.Release Mono|x64.Build.0 = Release|Any CPU
		{72B9E9FD-0B69-4E2B-81FA-8DE5D62C84F4}.Release|Any CPU.ActiveCfg = Release|Any CPU
		{72B9E9FD-0B69-4E2B-81FA-8DE5D62C84F4}.Release|Any CPU.Build.0 = Release|Any CPU
		{72B9E9FD-0B69-4E2B-81FA-8DE5D62C84F4}.Release|x64.ActiveCfg = Release|Any CPU
		{72B9E9FD-0B69-4E2B-81FA-8DE5D62C84F4}.Release|x64.Build.0 = Release|Any CPU
		{72B9E9FD-0B69-4E2B-81FA-8DE5D62C84F4}.Staging|Any CPU.ActiveCfg = Staging|Any CPU
		{72B9E9FD-0B69-4E2B-81FA-8DE5D62C84F4}.Staging|Any CPU.Build.0 = Staging|Any CPU
		{72B9E9FD-0B69-4E2B-81FA-8DE5D62C84F4}.Staging|x64.ActiveCfg = Release|Any CPU
		{72B9E9FD-0B69-4E2B-81FA-8DE5D62C84F4}.Staging|x64.Build.0 = Release|Any CPU
		{7ED4762D-B582-4C16-8871-119825A07C97}.Debug Mono|Any CPU.ActiveCfg = Debug|Any CPU
		{7ED4762D-B582-4C16-8871-119825A07C97}.Debug Mono|Any CPU.Build.0 = Debug|Any CPU
		{7ED4762D-B582-4C16-8871-119825A07C97}.Debug Mono|x64.ActiveCfg = Debug|Any CPU
		{7ED4762D-B582-4C16-8871-119825A07C97}.Debug Mono|x64.Build.0 = Debug|Any CPU
		{7ED4762D-B582-4C16-8871-119825A07C97}.Debug|Any CPU.ActiveCfg = Debug|Any CPU
		{7ED4762D-B582-4C16-8871-119825A07C97}.Debug|Any CPU.Build.0 = Debug|Any CPU
		{7ED4762D-B582-4C16-8871-119825A07C97}.Debug|x64.ActiveCfg = Debug|Any CPU
		{7ED4762D-B582-4C16-8871-119825A07C97}.Debug|x64.Build.0 = Debug|Any CPU
		{7ED4762D-B582-4C16-8871-119825A07C97}.Release Mono|Any CPU.ActiveCfg = Release|Any CPU
		{7ED4762D-B582-4C16-8871-119825A07C97}.Release Mono|Any CPU.Build.0 = Release|Any CPU
		{7ED4762D-B582-4C16-8871-119825A07C97}.Release Mono|x64.ActiveCfg = Release|Any CPU
		{7ED4762D-B582-4C16-8871-119825A07C97}.Release Mono|x64.Build.0 = Release|Any CPU
		{7ED4762D-B582-4C16-8871-119825A07C97}.Release|Any CPU.ActiveCfg = Release|Any CPU
		{7ED4762D-B582-4C16-8871-119825A07C97}.Release|Any CPU.Build.0 = Release|Any CPU
		{7ED4762D-B582-4C16-8871-119825A07C97}.Release|x64.ActiveCfg = Release|Any CPU
		{7ED4762D-B582-4C16-8871-119825A07C97}.Release|x64.Build.0 = Release|Any CPU
		{7ED4762D-B582-4C16-8871-119825A07C97}.Staging|Any CPU.ActiveCfg = Staging|Any CPU
		{7ED4762D-B582-4C16-8871-119825A07C97}.Staging|Any CPU.Build.0 = Staging|Any CPU
		{7ED4762D-B582-4C16-8871-119825A07C97}.Staging|x64.ActiveCfg = Release|Any CPU
		{7ED4762D-B582-4C16-8871-119825A07C97}.Staging|x64.Build.0 = Release|Any CPU
		{25BF0C6D-9F49-434A-8449-C434833EE0D0}.Debug Mono|Any CPU.ActiveCfg = Debug|Any CPU
		{25BF0C6D-9F49-434A-8449-C434833EE0D0}.Debug Mono|Any CPU.Build.0 = Debug|Any CPU
		{25BF0C6D-9F49-434A-8449-C434833EE0D0}.Debug Mono|x64.ActiveCfg = Debug|Any CPU
		{25BF0C6D-9F49-434A-8449-C434833EE0D0}.Debug Mono|x64.Build.0 = Debug|Any CPU
		{25BF0C6D-9F49-434A-8449-C434833EE0D0}.Debug|Any CPU.ActiveCfg = Debug|Any CPU
		{25BF0C6D-9F49-434A-8449-C434833EE0D0}.Debug|Any CPU.Build.0 = Debug|Any CPU
		{25BF0C6D-9F49-434A-8449-C434833EE0D0}.Debug|x64.ActiveCfg = Debug|Any CPU
		{25BF0C6D-9F49-434A-8449-C434833EE0D0}.Debug|x64.Build.0 = Debug|Any CPU
		{25BF0C6D-9F49-434A-8449-C434833EE0D0}.Release Mono|Any CPU.ActiveCfg = Release|Any CPU
		{25BF0C6D-9F49-434A-8449-C434833EE0D0}.Release Mono|Any CPU.Build.0 = Release|Any CPU
		{25BF0C6D-9F49-434A-8449-C434833EE0D0}.Release Mono|x64.ActiveCfg = Release|Any CPU
		{25BF0C6D-9F49-434A-8449-C434833EE0D0}.Release Mono|x64.Build.0 = Release|Any CPU
		{25BF0C6D-9F49-434A-8449-C434833EE0D0}.Release|Any CPU.ActiveCfg = Release|Any CPU
		{25BF0C6D-9F49-434A-8449-C434833EE0D0}.Release|Any CPU.Build.0 = Release|Any CPU
		{25BF0C6D-9F49-434A-8449-C434833EE0D0}.Release|x64.ActiveCfg = Release|Any CPU
		{25BF0C6D-9F49-434A-8449-C434833EE0D0}.Release|x64.Build.0 = Release|Any CPU
		{25BF0C6D-9F49-434A-8449-C434833EE0D0}.Staging|Any CPU.ActiveCfg = Staging|Any CPU
		{25BF0C6D-9F49-434A-8449-C434833EE0D0}.Staging|Any CPU.Build.0 = Staging|Any CPU
		{25BF0C6D-9F49-434A-8449-C434833EE0D0}.Staging|x64.ActiveCfg = Release|Any CPU
		{25BF0C6D-9F49-434A-8449-C434833EE0D0}.Staging|x64.Build.0 = Release|Any CPU
		{F93D3F80-FA1C-4C62-9F7D-412F3646C074}.Debug Mono|Any CPU.ActiveCfg = Debug|Any CPU
		{F93D3F80-FA1C-4C62-9F7D-412F3646C074}.Debug Mono|Any CPU.Build.0 = Debug|Any CPU
		{F93D3F80-FA1C-4C62-9F7D-412F3646C074}.Debug Mono|x64.ActiveCfg = Debug|Any CPU
		{F93D3F80-FA1C-4C62-9F7D-412F3646C074}.Debug Mono|x64.Build.0 = Debug|Any CPU
		{F93D3F80-FA1C-4C62-9F7D-412F3646C074}.Debug|Any CPU.ActiveCfg = Debug|Any CPU
		{F93D3F80-FA1C-4C62-9F7D-412F3646C074}.Debug|Any CPU.Build.0 = Debug|Any CPU
		{F93D3F80-FA1C-4C62-9F7D-412F3646C074}.Debug|x64.ActiveCfg = Debug|Any CPU
		{F93D3F80-FA1C-4C62-9F7D-412F3646C074}.Debug|x64.Build.0 = Debug|Any CPU
		{F93D3F80-FA1C-4C62-9F7D-412F3646C074}.Release Mono|Any CPU.ActiveCfg = Release|Any CPU
		{F93D3F80-FA1C-4C62-9F7D-412F3646C074}.Release Mono|Any CPU.Build.0 = Release|Any CPU
		{F93D3F80-FA1C-4C62-9F7D-412F3646C074}.Release Mono|x64.ActiveCfg = Release|Any CPU
		{F93D3F80-FA1C-4C62-9F7D-412F3646C074}.Release Mono|x64.Build.0 = Release|Any CPU
		{F93D3F80-FA1C-4C62-9F7D-412F3646C074}.Release|Any CPU.ActiveCfg = Release|Any CPU
		{F93D3F80-FA1C-4C62-9F7D-412F3646C074}.Release|Any CPU.Build.0 = Release|Any CPU
		{F93D3F80-FA1C-4C62-9F7D-412F3646C074}.Release|x64.ActiveCfg = Release|Any CPU
		{F93D3F80-FA1C-4C62-9F7D-412F3646C074}.Release|x64.Build.0 = Release|Any CPU
		{F93D3F80-FA1C-4C62-9F7D-412F3646C074}.Staging|Any CPU.ActiveCfg = Release|Any CPU
		{F93D3F80-FA1C-4C62-9F7D-412F3646C074}.Staging|Any CPU.Build.0 = Release|Any CPU
		{F93D3F80-FA1C-4C62-9F7D-412F3646C074}.Staging|x64.ActiveCfg = Release|Any CPU
		{F93D3F80-FA1C-4C62-9F7D-412F3646C074}.Staging|x64.Build.0 = Release|Any CPU
	EndGlobalSection
	GlobalSection(SolutionProperties) = preSolution
		HideSolutionNode = FALSE
	EndGlobalSection
	GlobalSection(NestedProjects) = preSolution
		{0AE9741A-0ACC-4B58-A3EA-9EB6D589CFD2} = {522C97F4-E365-46C5-AEFD-C764694DE01F}
		{63743AEC-EBD8-44FA-A67C-3A2FADA3EE34} = {522C97F4-E365-46C5-AEFD-C764694DE01F}
		{FCB1E33E-1468-4FA1-9902-70D12D80FEDD} = {522C97F4-E365-46C5-AEFD-C764694DE01F}
		{28425D50-C405-4AF8-9957-0004A2E3A2FE} = {522C97F4-E365-46C5-AEFD-C764694DE01F}
		{5578CABE-AF8F-476F-A21C-0AFDD440AAA4} = {522C97F4-E365-46C5-AEFD-C764694DE01F}
		{9859B27A-5D50-46CB-8CAC-6BEC6741D242} = {522C97F4-E365-46C5-AEFD-C764694DE01F}
		{72B9E9FD-0B69-4E2B-81FA-8DE5D62C84F4} = {522C97F4-E365-46C5-AEFD-C764694DE01F}
		{7ED4762D-B582-4C16-8871-119825A07C97} = {522C97F4-E365-46C5-AEFD-C764694DE01F}
		{F93D3F80-FA1C-4C62-9F7D-412F3646C074} = {522C97F4-E365-46C5-AEFD-C764694DE01F}
	EndGlobalSection
EndGlobal
